
Microsoft Visual Studio Solution File, Format Version 12.00
# Visual Studio Version 16
VisualStudioVersion = 16.0.30114.105
MinimumVisualStudioVersion = 10.0.40219.1
Project("{FAE04EC0-301F-11D3-BF4B-00C04F79EFBC}") = "DimePubWeb", "DimePubWeb\DimePubWeb.csproj", "{1C09FBA5-8198-42D4-9C67-AD0A823C790A}"
EndProject
Project("{FAE04EC0-301F-11D3-BF4B-00C04F79EFBC}") = "FeedDataLibrary", "FeedDataLibrary\FeedDataLibrary.csproj", "{57419825-7C57-42E7-A61A-7F0399DDE6BA}"
EndProject
Global
	GlobalSection(SolutionConfigurationPlatforms) = preSolution
		Debug|Any CPU = Debug|Any CPU
		Release|Any CPU = Release|Any CPU
	EndGlobalSection
	GlobalSection(SolutionProperties) = preSolution
		HideSolutionNode = FALSE
	EndGlobalSection
	GlobalSection(ProjectConfigurationPlatforms) = postSolution
		{1C09FBA5-8198-42D4-9C67-AD0A823C790A}.Debug|Any CPU.ActiveCfg = Debug|Any CPU
		{1C09FBA5-8198-42D4-9C67-AD0A823C790A}.Debug|Any CPU.Build.0 = Debug|Any CPU
		{1C09FBA5-8198-42D4-9C67-AD0A823C790A}.Release|Any CPU.ActiveCfg = Release|Any CPU
		{1C09FBA5-8198-42D4-9C67-AD0A823C790A}.Release|Any CPU.Build.0 = Release|Any CPU
		{57419825-7C57-42E7-A61A-7F0399DDE6BA}.Debug|Any CPU.ActiveCfg = Debug|Any CPU
		{57419825-7C57-42E7-A61A-7F0399DDE6BA}.Debug|Any CPU.Build.0 = Debug|Any CPU
		{57419825-7C57-42E7-A61A-7F0399DDE6BA}.Release|Any CPU.ActiveCfg = Release|Any CPU
		{57419825-7C57-42E7-A61A-7F0399DDE6BA}.Release|Any CPU.Build.0 = Release|Any CPU
	EndGlobalSection
EndGlobal
